buf.build/gen/go/bufbuild/protovalidate/protocolbuffers/go v1.36.5-20240508200655-46a4cf4ba109.1 h1:JCBiWHmLr8K2RZAtIauMEkekfCU5M2xn9LRfmsZ20mw=
buf.build/gen/go/bufbuild/protovalidate/protocolbuffers/go v1.36.5-20240508200655-46a4cf4ba109.1/go.mod h1:eOqrCVUfhh7SLo00urDe/XhJHljj0dWMZirS0aX7cmc=
buf.build/gen/go/getsynq/api/grpc/go v1.5.1-20250307163437-5d80565c2964.2 h1:Zs8gq+HAViuwbbTDubZNULfhPOnKUusA1tFACi/Hd8E=
buf.build/gen/go/getsynq/api/grpc/go v1.5.1-20250307163437-5d80565c2964.2/go.mod h1:xZl6SA3Fg0ru4gru2VwfEBZPbdGXGvnsaE5zbOXaurU=
buf.build/gen/go/getsynq/api/grpc/go v1.5.1-20250312155459-f3880a67f953.2 h1:LQVD6HdoO3zEGd/v0WFpQWuoZmJqfXhZ+2pKw3tOL2c=
buf.build/gen/go/getsynq/api/grpc/go v1.5.1-20250312155459-f3880a67f953.2/go.mod h1:ktWfghJl8t2VunV9HwkMLPU5SdqJZMKCpxrnWg5wbho=
buf.build/gen/go/getsynq/api/protocolbuffers/go v1.36.5-20250307163437-5d80565c2964.1 h1:I73gszvDzpm40G/isMf7WIVyvSpmrMikwzJtOvcDD/c=
buf.build/gen/go/getsynq/api/protocolbuffers/go v1.36.5-20250307163437-5d80565c2964.1/go.mod h1:RuDGlxYZp9LzG+ufLgspsKt6phwoAiL+oQE73zSS+Vw=
buf.build/gen/go/getsynq/api/protocolbuffers/go v1.36.5-20250312155459-f3880a67f953.1 h1:TGYHs9G/HZSYJulGLIdr6517+l6h5r6i+H0yLjxB/+c=
buf.build/gen/go/getsynq/api/protocolbuffers/go v1.36.5-20250312155459-f3880a67f953.1/go.mod h1:RuDGlxYZp9LzG+ufLgspsKt6phwoAiL+oQE73zSS+Vw=
cloud.google.com/go/compute/metadata v0.3.0 h1:Tz+eQXMEqDIKRsmY3cHTL6FVaynIjX2QxYC4trgAKZc=
cloud.google.com/go/compute/metadata v0.3.0/go.mod h1:zFmK7XCadkQkj6TtorcaGlCW1hT1fIilQDwofLpJ20k=
github.com/google/go-cmp v0.6.0 h1:ofyhxvXcZhMsU5ulbFiLKl/XBFqE1GSq7atu8tAmTRI=
github.com/google/go-cmp v0.6.0/go.mod h1:17dUlkBOakJ0+DkrSSNjCkIjxS6bF9zb3elmeNGIjoY=
github.com/google/uuid v1.6.0 h1:NIvaJDMOsjHA8n1jAhLSgzrAzy1Hgr+hNrb57e+94F0=
github.com/google/uuid v1.6.0/go.mod h1:TIyPZe4MgqvfeYDBFedMoGGpEw/LqOeaOT+nhxU+yHo=
golang.org/x/net v0.34.0 h1:Mb7Mrk043xzHgnRM88suvJFwzVrRfHEHJEl5/71CKw0=
golang.org/x/net v0.34.0/go.mod h1:di0qlW3YNM5oh6GqDGQr92MyTozJPmybPK4Ev/Gm31k=
golang.org/x/oauth2 v0.20.0 h1:4mQdhULixXKP1rwYBW0vAijoXnkTG0BLCDRzfe1idMo=
golang.org/x/oauth2 v0.20.0/go.mod h1:XYTD2NtWslqkgxebSiOHnXEap4TF09sJSc7H1sXbhtI=
golang.org/x/sys v0.29.0 h1:TPYlXGxvx1MGTn2GiZDhnjPA9wZzZeGKHHmKhHYvgaU=
golang.org/x/sys v0.29.0/go.mod h1:/VUhepiaJMQUp4+oa/7Zr1D23ma6VTLIYjOOTFZPUcA=
golang.org/x/text v0.23.0 h1:D71I7dUrlY+VX0gQShAThNGHFxZ13dGLBHQLVl1mJlY=
golang.org/x/text v0.23.0/go.mod h1:/BLNzu4aZCJ1+kcD0DNRotWKage4q2rGVAg4o22unh4=
google.golang.org/genproto/googleapis/rpc v0.0.0-20240528184218-531527333157 h1:Zy9XzmMEflZ/MAaA7vNcoebnRAld7FsPW1EeBB7V0m8=
google.golang.org/genproto/googleapis/rpc v0.0.0-20240528184218-531527333157/go.mod h1:EfXuqaE1J41VCDicxHzUDm+8rk+7ZdXzHV0IhO/I6s0=
google.golang.org/grpc v1.64.1 h1:LKtvyfbX3UGVPFcGqJ9ItpVWW6oN/2XqTxfAnwRRXiA=
google.golang.org/grpc v1.64.1/go.mod h1:hiQF4LFZelK2WKaP6W0L92zGHtiQdZxk8CrSdvyjeP0=
google.golang.org/protobuf v1.36.5 h1:tPhr+woSbjfYvY6/GPufUoYizxw1cF/yFoxJ2fmpwlM=
google.golang.org/protobuf v1.36.5/go.mod h1:9fA7Ob0pmnwhb644+1+CVWFRbNajQ6iRojtC/QF5bRE=
